
Microsoft Visual Studio Solution File, Format Version 12.00
# Visual Studio Version 17
VisualStudioVersion = 17.3.32929.385
MinimumVisualStudioVersion = 10.0.40219.1
Project("{FAE04EC0-301F-11D3-BF4B-00C04F79EFBC}") = "WindowsFormsApp4", "WindowsFormsApp4\WindowsFormsApp4.csproj", "{53A4D1B8-59A5-4BEC-B0D3-BD5A643A8775}"
EndProject
Global
	GlobalSection(SolutionConfigurationPlatforms) = preSolution
		Debug|Any CPU = Debug|Any CPU
		Release|Any CPU = Release|Any CPU
	EndGlobalSection
	GlobalSection(ProjectConfigurationPlatforms) = postSolution
		{53A4D1B8-59A5-4BEC-B0D3-BD5A643A8775}.Debug|Any CPU.ActiveCfg = Debug|Any CPU
		{53A4D1B8-59A5-4BEC-B0D3-BD5A643A8775}.Debug|Any CPU.Build.0 = Debug|Any CPU
		{53A4D1B8-59A5-4BEC-B0D3-BD5A643A8775}.Release|Any CPU.ActiveCfg = Release|Any CPU
		{53A4D1B8-59A5-4BEC-B0D3-BD5A643A8775}.Release|Any CPU.Build.0 = Release|Any CPU
	EndGlobalSection
	GlobalSection(SolutionProperties) = preSolution
		HideSolutionNode = FALSE
	EndGlobalSection
	GlobalSection(ExtensibilityGlobals) = postSolution
		SolutionGuid = {6B144446-E64C-4862-9BFD-0D45886540EE}
	EndGlobalSection
EndGlobal
